
Microsoft Visual Studio Solution File, Format Version 12.00
# Visual Studio 15
VisualStudioVersion = 15.0.27703.2000
MinimumVisualStudioVersion = 10.0.40219.1
Project("{9A19103F-16F7-4668-BE54-9A1E7A4F7556}") = "employee", "employee\employee.csproj", "{52DA3DFD-9AD2-4F24-B676-40EA92E43E72}"
EndProject
Project("{FAE04EC0-301F-11D3-BF4B-00C04F79EFBC}") = "user", "user\user.csproj", "{1E4E7299-0F34-4331-B417-0F9719460710}"
EndProject
Global
	GlobalSection(SolutionConfigurationPlatforms) = preSolution
		Debug|Any CPU = Debug|Any CPU
		Release|Any CPU = Release|Any CPU
	EndGlobalSection
	GlobalSection(ProjectConfigurationPlatforms) = postSolution
		{52DA3DFD-9AD2-4F24-B676-40EA92E43E72}.Debug|Any CPU.ActiveCfg = Debug|Any CPU
		{52DA3DFD-9AD2-4F24-B676-40EA92E43E72}.Debug|Any CPU.Build.0 = Debug|Any CPU
		{52DA3DFD-9AD2-4F24-B676-40EA92E43E72}.Release|Any CPU.ActiveCfg = Release|Any CPU
		{52DA3DFD-9AD2-4F24-B676-40EA92E43E72}.Release|Any CPU.Build.0 = Release|Any CPU
		{1E4E7299-0F34-4331-B417-0F9719460710}.Debug|Any CPU.ActiveCfg = Debug|Any CPU
		{1E4E7299-0F34-4331-B417-0F9719460710}.Debug|Any CPU.Build.0 = Debug|Any CPU
		{1E4E7299-0F34-4331-B417-0F9719460710}.Release|Any CPU.ActiveCfg = Release|Any CPU
		{1E4E7299-0F34-4331-B417-0F9719460710}.Release|Any CPU.Build.0 = Release|Any CPU
	EndGlobalSection
	GlobalSection(SolutionProperties) = preSolution
		HideSolutionNode = FALSE
	EndGlobalSection
	GlobalSection(ExtensibilityGlobals) = postSolution
		SolutionGuid = {1D631919-910A-4645-B00F-7FA71EF8460A}
	EndGlobalSection
EndGlobal
